# This file was autogenerated by Stack.
# You should not edit this file by hand.
# For more information, please see the documentation at:
#   https://docs.haskellstack.org/en/stable/lock_files

packages: []
snapshots:
- completed:
    size: 525493
    url: https://raw.githubusercontent.com/commercialhaskell/stackage-snapshots/master/lts/11/13.yaml
    sha256: 3ff9a02d995443604a515624f8ae5bc3ba492c89b977000d7b3fbaf91889b224
  original: lts-11.13
